// !$*UTF8*$!
{
	archiveVersion = 1;
	classes = {
	};
	objectVersion = 77;
	objects = {

/* Begin PBXBuildFile section */
		C896451F2DA9171B00BE1BE7 /* README.md in Resources */ = {isa = PBXBuildFile; fileRef = C896451E2DA9171800BE1BE7 /* README.md */; };
		C89645992DA929CF00BE1BE7 /* Info.plist in Resources */ = {isa = PBXBuildFile; fileRef = C89645982DA929CF00BE1BE7 /* Info.plist */; };
/* End PBXBuildFile section */

/* Begin PBXContainerItemProxy section */
		C89644A92DA905F100BE1BE7 /* PBXContainerItemProxy */ = {
			isa = PBXContainerItemProxy;
			containerPortal = C89644922DA905EE00BE1BE7 /* Project object */;
			proxyType = 1;
			remoteGlobalIDString = C89644992DA905EE00BE1BE7;
			remoteInfo = LolMxr;
		};
		C89644B32DA905F100BE1BE7 /* PBXContainerItemProxy */ = {
			isa = PBXContainerItemProxy;
			containerPortal = C89644922DA905EE00BE1BE7 /* Project object */;
			proxyType = 1;
			remoteGlobalIDString = C89644992DA905EE00BE1BE7;
			remoteInfo = LolMxr;
		};
/* End PBXContainerItemProxy section */

/* Begin PBXFileReference section */
		C896451E2DA9171800BE1BE7 /* README.md */ = {isa = PBXFileReference; lastKnownFileType = net.daringfireball.markdown; path = README.md; sourceTree = "<group>"; };
		C89645682DA9258B00BE1BE7 /* LolMxrTests.xctest */ = {isa = PBXFileReference; explicitFileType = wrapper.cfbundle; includeInIndex = 0; name = LolMxrTests.xctest; path = /Users/deeptonus/Desktop/LolMxr/build/Debug/LolMxr.app/Contents/PlugIns/LolMxrTests.xctest; sourceTree = "<absolute>"; };
		C89645692DA9258B00BE1BE7 /* LolMxrUITests.xctest */ = {isa = PBXFileReference; explicitFileType = wrapper.cfbundle; includeInIndex = 0; name = LolMxrUITests.xctest; path = "/Users/deeptonus/Desktop/LolMxr/build/Debug/LolMxrUITests-Runner.app/Contents/PlugIns/LolMxrUITests.xctest"; sourceTree = "<absolute>"; };
		C89645932DA9261300BE1BE7 /* LolMxr.app */ = {isa = PBXFileReference; explicitFileType = wrapper.application; includeInIndex = 0; path = LolMxr.app; sourceTree = BUILT_PRODUCTS_DIR; };
		C89645982DA929CF00BE1BE7 /* Info.plist */ = {isa = PBXFileReference; lastKnownFileType = text.plist; path = Info.plist; sourceTree = "<group>"; };
/* End PBXFileReference section */

/* Begin PBXFileSystemSynchronizedRootGroup section */
		C896449C2DA905EE00BE1BE7 /* LolMxr */ = {
			isa = PBXFileSystemSynchronizedRootGroup;
			path = LolMxr;
			sourceTree = "<group>";
		};
		C89645642DA9253800BE1BE7 /* Resources */ = {
			isa = PBXFileSystemSynchronizedRootGroup;
			path = Resources;
			sourceTree = "<group>";
		};
/* End PBXFileSystemSynchronizedRootGroup section */

/* Begin PBXFrameworksBuildPhase section */
		C89644972DA905EE00BE1BE7 /* Frameworks */ = {
			isa = PBXFrameworksBuildPhase;
			buildActionMask = 2147483647;
			files = (
			);
			runOnlyForDeploymentPostprocessing = 0;
		};
		C89644A52DA905F100BE1BE7 /* Frameworks */ = {
			isa = PBXFrameworksBuildPhase;
			buildActionMask = 2147483647;
			files = (
			);
			runOnlyForDeploymentPostprocessing = 0;
		};
		C89644AF2DA905F100BE1BE7 /* Frameworks */ = {
			isa = PBXFrameworksBuildPhase;
			buildActionMask = 2147483647;
			files = (
			);
			runOnlyForDeploymentPostprocessing = 0;
		};
/* End PBXFrameworksBuildPhase section */

/* Begin PBXGroup section */
		C89644912DA905EE00BE1BE7 = {
			isa = PBXGroup;
			children = (
				C89645982DA929CF00BE1BE7 /* Info.plist */,
				C896451E2DA9171800BE1BE7 /* README.md */,
				C896449C2DA905EE00BE1BE7 /* LolMxr */,
				C89645642DA9253800BE1BE7 /* Resources */,
				C89645932DA9261300BE1BE7 /* LolMxr.app */,
			);
			sourceTree = "<group>";
		};
/* End PBXGroup section */

/* Begin PBXNativeTarget section */
		C89644992DA905EE00BE1BE7 /* LolMxr */ = {
			isa = PBXNativeTarget;
			buildConfigurationList = C89644BC2DA905F100BE1BE7 /* Build configuration list for PBXNativeTarget "LolMxr" */;
			buildPhases = (
				C89644962DA905EE00BE1BE7 /* Sources */,
				C89644972DA905EE00BE1BE7 /* Frameworks */,
				C89644982DA905EE00BE1BE7 /* Resources */,
			);
			buildRules = (
			);
			dependencies = (
			);
			fileSystemSynchronizedGroups = (
				C896449C2DA905EE00BE1BE7 /* LolMxr */,
				C89645642DA9253800BE1BE7 /* Resources */,
			);
			name = LolMxr;
			packageProductDependencies = (
			);
			productName = LolMxr;
			productReference = C89645932DA9261300BE1BE7 /* LolMxr.app */;
			productType = "com.apple.product-type.application";
		};
		C89644A72DA905F100BE1BE7 /* LolMxrTests */ = {
			isa = PBXNativeTarget;
			buildConfigurationList = C89644BF2DA905F100BE1BE7 /* Build configuration list for PBXNativeTarget "LolMxrTests" */;
			buildPhases = (
				C89644A42DA905F100BE1BE7 /* Sources */,
				C89644A52DA905F100BE1BE7 /* Frameworks */,
				C89644A62DA905F100BE1BE7 /* Resources */,
			);
			buildRules = (
			);
			dependencies = (
				C89644AA2DA905F100BE1BE7 /* PBXTargetDependency */,
			);
			name = LolMxrTests;
			packageProductDependencies = (
			);
			productName = LolMxrTests;
			productReference = C89645682DA9258B00BE1BE7 /* LolMxrTests.xctest */;
			productType = "com.apple.product-type.bundle.unit-test";
		};
		C89644B12DA905F100BE1BE7 /* LolMxrUITests */ = {
			isa = PBXNativeTarget;
			buildConfigurationList = C89644C22DA905F100BE1BE7 /* Build configuration list for PBXNativeTarget "LolMxrUITests" */;
			buildPhases = (
				C89644AE2DA905F100BE1BE7 /* Sources */,
				C89644AF2DA905F100BE1BE7 /* Frameworks */,
				C89644B02DA905F100BE1BE7 /* Resources */,
			);
			buildRules = (
			);
			dependencies = (
				C89644B42DA905F100BE1BE7 /* PBXTargetDependency */,
			);
			name = LolMxrUITests;
			packageProductDependencies = (
			);
			productName = LolMxrUITests;
			productReference = C89645692DA9258B00BE1BE7 /* LolMxrUITests.xctest */;
			productType = "com.apple.product-type.bundle.ui-testing";
		};
/* End PBXNativeTarget section */

/* Begin PBXProject section */
		C89644922DA905EE00BE1BE7 /* Project object */ = {
			isa = PBXProject;
			attributes = {
				BuildIndependentTargetsInParallel = 1;
				LastSwiftUpdateCheck = 1630;
				LastUpgradeCheck = 1630;
				TargetAttributes = {
					C89644992DA905EE00BE1BE7 = {
						CreatedOnToolsVersion = 16.3;
					};
					C89644A72DA905F100BE1BE7 = {
						CreatedOnToolsVersion = 16.3;
						TestTargetID = C89644992DA905EE00BE1BE7;
					};
					C89644B12DA905F100BE1BE7 = {
						CreatedOnToolsVersion = 16.3;
						TestTargetID = C89644992DA905EE00BE1BE7;
					};
				};
			};
			buildConfigurationList = C89644952DA905EE00BE1BE7 /* Build configuration list for PBXProject "LolMxr" */;
			developmentRegion = en;
			hasScannedForEncodings = 0;
			knownRegions = (
				en,
				Base,
				ru,
			);
			mainGroup = C89644912DA905EE00BE1BE7;
			minimizedProjectReferenceProxies = 1;
			preferredProjectObjectVersion = 77;
			productRefGroup = C89644912DA905EE00BE1BE7;
			projectDirPath = "";
			projectRoot = "";
			targets = (
				C89644992DA905EE00BE1BE7 /* LolMxr */,
				C89644A72DA905F100BE1BE7 /* LolMxrTests */,
				C89644B12DA905F100BE1BE7 /* LolMxrUITests */,
			);
		};
/* End PBXProject section */

/* Begin PBXResourcesBuildPhase section */
		C89644982DA905EE00BE1BE7 /* Resources */ = {
			isa = PBXResourcesBuildPhase;
			buildActionMask = 2147483647;
			files = (
				C896451F2DA9171B00BE1BE7 /* README.md in Resources */,
				C89645992DA929CF00BE1BE7 /* Info.plist in Resources */,
			);
			runOnlyForDeploymentPostprocessing = 0;
		};
		C89644A62DA905F100BE1BE7 /* Resources */ = {
			isa = PBXResourcesBuildPhase;
			buildActionMask = 2147483647;
			files = (
			);
			runOnlyForDeploymentPostprocessing = 0;
		};
		C89644B02DA905F100BE1BE7 /* Resources */ = {
			isa = PBXResourcesBuildPhase;
			buildActionMask = 2147483647;
			files = (
			);
			runOnlyForDeploymentPostprocessing = 0;
		};
/* End PBXResourcesBuildPhase section */

/* Begin PBXSourcesBuildPhase section */
		C89644962DA905EE00BE1BE7 /* Sources */ = {
			isa = PBXSourcesBuildPhase;
			buildActionMask = 2147483647;
			files = (
			);
			runOnlyForDeploymentPostprocessing = 0;
		};
		C89644A42DA905F100BE1BE7 /* Sources */ = {
			isa = PBXSourcesBuildPhase;
			buildActionMask = 2147483647;
			files = (
			);
			runOnlyForDeploymentPostprocessing = 0;
		};
		C89644AE2DA905F100BE1BE7 /* Sources */ = {
			isa = PBXSourcesBuildPhase;
			buildActionMask = 2147483647;
			files = (
			);
			runOnlyForDeploymentPostprocessing = 0;
		};
/* End PBXSourcesBuildPhase section */

/* Begin PBXTargetDependency section */
		C89644AA2DA905F100BE1BE7 /* PBXTargetDependency */ = {
			isa = PBXTargetDependency;
			target = C89644992DA905EE00BE1BE7 /* LolMxr */;
			targetProxy = C89644A92DA905F100BE1BE7 /* PBXContainerItemProxy */;
		};
		C89644B42DA905F100BE1BE7 /* PBXTargetDependency */ = {
			isa = PBXTargetDependency;
			target = C89644992DA905EE00BE1BE7 /* LolMxr */;
			targetProxy = C89644B32DA905F100BE1BE7 /* PBXContainerItemProxy */;
		};
/* End PBXTargetDependency section */

/* Begin XCBuildConfiguration section */
		C89644BA2DA905F100BE1BE7 /* Debug */ = {
			isa = XCBuildConfiguration;
			buildSettings = {
				ALWAYS_SEARCH_USER_PATHS = NO;
				ASSETCATALOG_COMPILER_GENERATE_SWIFT_ASSET_SYMBOL_EXTENSIONS = YES;
				CLANG_ANALYZER_NONNULL = YES;
				CLANG_ANALYZER_NUMBER_OBJECT_CONVERSION = YES_AGGRESSIVE;
				CLANG_CXX_LANGUAGE_STANDARD = "gnu++20";
				CLANG_ENABLE_MODULES = YES;
				CLANG_ENABLE_OBJC_ARC = YES;
				CLANG_ENABLE_OBJC_WEAK = YES;
				CLANG_WARN_BLOCK_CAPTURE_AUTORELEASING = YES;
				CLANG_WARN_BOOL_CONVERSION = YES;
				CLANG_WARN_COMMA = YES;
				CLANG_WARN_CONSTANT_CONVERSION = YES;
				CLANG_WARN_DEPRECATED_OBJC_IMPLEMENTATIONS = YES;
				CLANG_WARN_DIRECT_OBJC_ISA_USAGE = YES_ERROR;
				CLANG_WARN_DOCUMENTATION_COMMENTS = YES;
				CLANG_WARN_EMPTY_BODY = YES;
				CLANG_WARN_ENUM_CONVERSION = YES;
				CLANG_WARN_INFINITE_RECURSION = YES;
				CLANG_WARN_INT_CONVERSION = YES;
				CLANG_WARN_NON_LITERAL_NULL_CONVERSION = YES;
				CLANG_WARN_OBJC_IMPLICIT_RETAIN_SELF = YES;
				CLANG_WARN_OBJC_LITERAL_CONVERSION = YES;
				CLANG_WARN_OBJC_ROOT_CLASS = YES_ERROR;
				CLANG_WARN_QUOTED_INCLUDE_IN_FRAMEWORK_HEADER = YES;
				CLANG_WARN_RANGE_LOOP_ANALYSIS = YES;
				CLANG_WARN_STRICT_PROTOTYPES = YES;
				CLANG_WARN_SUSPICIOUS_MOVE = YES;
				CLANG_WARN_UNGUARDED_AVAILABILITY = YES_AGGRESSIVE;
				CLANG_WARN_UNREACHABLE_CODE = YES;
				CLANG_WARN__DUPLICATE_METHOD_MATCH = YES;
				COPY_PHASE_STRIP = NO;
				DEBUG_INFORMATION_FORMAT = dwarf;
				ENABLE_STRICT_OBJC_MSGSEND = YES;
				ENABLE_TESTABILITY = YES;
				ENABLE_USER_SCRIPT_SANDBOXING = YES;
				GCC_C_LANGUAGE_STANDARD = gnu17;
				GCC_DYNAMIC_NO_PIC = NO;
				GCC_NO_COMMON_BLOCKS = YES;
				GCC_OPTIMIZATION_LEVEL = 0;
				GCC_PREPROCESSOR_DEFINITIONS = (
					"DEBUG=1",
					"$(inherited)",
				);
				GCC_WARN_64_TO_32_BIT_CONVERSION = YES;
				GCC_WARN_ABOUT_RETURN_TYPE = YES_ERROR;
				GCC_WARN_UNDECLARED_SELECTOR = YES;
				GCC_WARN_UNINITIALIZED_AUTOS = YES_AGGRESSIVE;
				GCC_WARN_UNUSED_FUNCTION = YES;
				GCC_WARN_UNUSED_VARIABLE = YES;
				LOCALIZATION_PREFERS_STRING_CATALOGS = YES;
				MACOSX_DEPLOYMENT_TARGET = 15.4;
				MTL_ENABLE_DEBUG_INFO = INCLUDE_SOURCE;
				MTL_FAST_MATH = YES;
				ONLY_ACTIVE_ARCH = YES;
				SDKROOT = macosx;
				SWIFT_ACTIVE_COMPILATION_CONDITIONS = "DEBUG $(inherited)";
				SWIFT_OPTIMIZATION_LEVEL = "-Onone";
			};
			name = Debug;
		};
		C89644BB2DA905F100BE1BE7 /* Release */ = {
			isa = XCBuildConfiguration;
			buildSettings = {
				ALWAYS_SEARCH_USER_PATHS = NO;
				ASSETCATALOG_COMPILER_GENERATE_SWIFT_ASSET_SYMBOL_EXTENSIONS = YES;
				CLANG_ANALYZER_NONNULL = YES;
				CLANG_ANALYZER_NUMBER_OBJECT_CONVERSION = YES_AGGRESSIVE;
				CLANG_CXX_LANGUAGE_STANDARD = "gnu++20";
				CLANG_ENABLE_MODULES = YES;
				CLANG_ENABLE_OBJC_ARC = YES;
				CLANG_ENABLE_OBJC_WEAK = YES;
				CLANG_WARN_BLOCK_CAPTURE_AUTORELEASING = YES;
				CLANG_WARN_BOOL_CONVERSION = YES;
				CLANG_WARN_COMMA = YES;
				CLANG_WARN_CONSTANT_CONVERSION = YES;
				CLANG_WARN_DEPRECATED_OBJC_IMPLEMENTATIONS = YES;
				CLANG_WARN_DIRECT_OBJC_ISA_USAGE = YES_ERROR;
				CLANG_WARN_DOCUMENTATION_COMMENTS = YES;
				CLANG_WARN_EMPTY_BODY = YES;
				CLANG_WARN_ENUM_CONVERSION = YES;
				CLANG_WARN_INFINITE_RECURSION = YES;
				CLANG_WARN_INT_CONVERSION = YES;
				CLANG_WARN_NON_LITERAL_NULL_CONVERSION = YES;
				CLANG_WARN_OBJC_IMPLICIT_RETAIN_SELF = YES;
				CLANG_WARN_OBJC_LITERAL_CONVERSION = YES;
				CLANG_WARN_OBJC_ROOT_CLASS = YES_ERROR;
				CLANG_WARN_QUOTED_INCLUDE_IN_FRAMEWORK_HEADER = YES;
				CLANG_WARN_RANGE_LOOP_ANALYSIS = YES;
				CLANG_WARN_STRICT_PROTOTYPES = YES;
				CLANG_WARN_SUSPICIOUS_MOVE = YES;
				CLANG_WARN_UNGUARDED_AVAILABILITY = YES_AGGRESSIVE;
				CLANG_WARN_UNREACHABLE_CODE = YES;
				CLANG_WARN__DUPLICATE_METHOD_MATCH = YES;
				COPY_PHASE_STRIP = NO;
				DEBUG_INFORMATION_FORMAT = "dwarf-with-dsym";
				ENABLE_NS_ASSERTIONS = NO;
				ENABLE_STRICT_OBJC_MSGSEND = YES;
				ENABLE_USER_SCRIPT_SANDBOXING = YES;
				GCC_C_LANGUAGE_STANDARD = gnu17;
				GCC_NO_COMMON_BLOCKS = YES;
				GCC_WARN_64_TO_32_BIT_CONVERSION = YES;
				GCC_WARN_ABOUT_RETURN_TYPE = YES_ERROR;
				GCC_WARN_UNDECLARED_SELECTOR = YES;
				GCC_WARN_UNINITIALIZED_AUTOS = YES_AGGRESSIVE;
				GCC_WARN_UNUSED_FUNCTION = YES;
				GCC_WARN_UNUSED_VARIABLE = YES;
				LOCALIZATION_PREFERS_STRING_CATALOGS = YES;
				MACOSX_DEPLOYMENT_TARGET = 15.4;
				MTL_ENABLE_DEBUG_INFO = NO;
				MTL_FAST_MATH = YES;
				SDKROOT = macosx;
				SWIFT_COMPILATION_MODE = wholemodule;
			};
			name = Release;
		};
		C89644BD2DA905F100BE1BE7 /* Debug */ = {
			isa = XCBuildConfiguration;
			buildSettings = {
				ASSETCATALOG_COMPILER_APPICON_NAME = AppIcon;
				ASSETCATALOG_COMPILER_GLOBAL_ACCENT_COLOR_NAME = AccentColor;
				CODE_SIGN_ENTITLEMENTS = LolMxr/LolMxr.entitlements;
				CODE_SIGN_STYLE = Automatic;
				COMBINE_HIDPI_IMAGES = YES;
				CURRENT_PROJECT_VERSION = 1;
				ENABLE_PREVIEWS = YES;
				GENERATE_INFOPLIST_FILE = YES;
				INFOPLIST_KEY_LSApplicationCategoryType = "public.app-category.music";
				INFOPLIST_KEY_NSHumanReadableCopyright = "";
				LD_RUNPATH_SEARCH_PATHS = (
					"$(inherited)",
					"@executable_path/../Frameworks",
				);
				MACOSX_DEPLOYMENT_TARGET = 14.6;
				MARKETING_VERSION = 1.0;
				PRODUCT_BUNDLE_IDENTIFIER = LolMxr.LolMxr;
				PRODUCT_NAME = "$(TARGET_NAME)";
				REGISTER_APP_GROUPS = YES;
				SWIFT_EMIT_LOC_STRINGS = YES;
				SWIFT_VERSION = 5.0;
			};
			name = Debug;
		};
		C89644BE2DA905F100BE1BE7 /* Release */ = {
			isa = XCBuildConfiguration;
			buildSettings = {
				ASSETCATALOG_COMPILER_APPICON_NAME = AppIcon;
				ASSETCATALOG_COMPILER_GLOBAL_ACCENT_COLOR_NAME = AccentColor;
				CODE_SIGN_ENTITLEMENTS = LolMxr/LolMxr.entitlements;
				CODE_SIGN_STYLE = Automatic;
				COMBINE_HIDPI_IMAGES = YES;
				CURRENT_PROJECT_VERSION = 1;
				ENABLE_PREVIEWS = YES;
				GENERATE_INFOPLIST_FILE = YES;
				INFOPLIST_KEY_LSApplicationCategoryType = "public.app-category.music";
				INFOPLIST_KEY_NSHumanReadableCopyright = "";
				LD_RUNPATH_SEARCH_PATHS = (
					"$(inherited)",
					"@executable_path/../Frameworks",
				);
				MACOSX_DEPLOYMENT_TARGET = 14.6;
				MARKETING_VERSION = 1.0;
				PRODUCT_BUNDLE_IDENTIFIER = LolMxr.LolMxr;
				PRODUCT_NAME = "$(TARGET_NAME)";
				REGISTER_APP_GROUPS = YES;
				SWIFT_EMIT_LOC_STRINGS = YES;
				SWIFT_VERSION = 5.0;
			};
			name = Release;
		};
		C89644C02DA905F100BE1BE7 /* Debug */ = {
			isa = XCBuildConfiguration;
			buildSettings = {
				BUNDLE_LOADER = "$(TEST_HOST)";
				CODE_SIGN_STYLE = Automatic;
				CURRENT_PROJECT_VERSION = 1;
				GENERATE_INFOPLIST_FILE = YES;
				MACOSX_DEPLOYMENT_TARGET = 15.4;
				MARKETING_VERSION = 1.0;
				PRODUCT_BUNDLE_IDENTIFIER = LolMxr.LolMxrTests;
				PRODUCT_NAME = "$(TARGET_NAME)";
				SWIFT_EMIT_LOC_STRINGS = NO;
				SWIFT_VERSION = 5.0;
				TEST_HOST = "$(BUILT_PRODUCTS_DIR)/LolMxr.app/$(BUNDLE_EXECUTABLE_FOLDER_PATH)/LolMxr";
			};
			name = Debug;
		};
		C89644C12DA905F100BE1BE7 /* Release */ = {
			isa = XCBuildConfiguration;
			buildSettings = {
				BUNDLE_LOADER = "$(TEST_HOST)";
				CODE_SIGN_STYLE = Automatic;
				CURRENT_PROJECT_VERSION = 1;
				GENERATE_INFOPLIST_FILE = YES;
				MACOSX_DEPLOYMENT_TARGET = 15.4;
				MARKETING_VERSION = 1.0;
				PRODUCT_BUNDLE_IDENTIFIER = LolMxr.LolMxrTests;
				PRODUCT_NAME = "$(TARGET_NAME)";
				SWIFT_EMIT_LOC_STRINGS = NO;
				SWIFT_VERSION = 5.0;
				TEST_HOST = "$(BUILT_PRODUCTS_DIR)/LolMxr.app/$(BUNDLE_EXECUTABLE_FOLDER_PATH)/LolMxr";
			};
			name = Release;
		};
		C89644C32DA905F100BE1BE7 /* Debug */ = {
			isa = XCBuildConfiguration;
			buildSettings = {
				CODE_SIGN_STYLE = Automatic;
				CURRENT_PROJECT_VERSION = 1;
				GENERATE_INFOPLIST_FILE = YES;
				MARKETING_VERSION = 1.0;
				PRODUCT_BUNDLE_IDENTIFIER = LolMxr.LolMxrUITests;
				PRODUCT_NAME = "$(TARGET_NAME)";
				SWIFT_EMIT_LOC_STRINGS = NO;
				SWIFT_VERSION = 5.0;
				TEST_TARGET_NAME = LolMxr;
			};
			name = Debug;
		};
		C89644C42DA905F100BE1BE7 /* Release */ = {
			isa = XCBuildConfiguration;
			buildSettings = {
				CODE_SIGN_STYLE = Automatic;
				CURRENT_PROJECT_VERSION = 1;
				GENERATE_INFOPLIST_FILE = YES;
				MARKETING_VERSION = 1.0;
				PRODUCT_BUNDLE_IDENTIFIER = LolMxr.LolMxrUITests;
				PRODUCT_NAME = "$(TARGET_NAME)";
				SWIFT_EMIT_LOC_STRINGS = NO;
				SWIFT_VERSION = 5.0;
				TEST_TARGET_NAME = LolMxr;
			};
			name = Release;
		};
/* End XCBuildConfiguration section */

/* Begin XCConfigurationList section */
		C89644952DA905EE00BE1BE7 /* Build configuration list for PBXProject "LolMxr" */ = {
			isa = XCConfigurationList;
			buildConfigurations = (
				C89644BA2DA905F100BE1BE7 /* Debug */,
				C89644BB2DA905F100BE1BE7 /* Release */,
			);
			defaultConfigurationIsVisible = 0;
			defaultConfigurationName = Release;
		};
		C89644BC2DA905F100BE1BE7 /* Build configuration list for PBXNativeTarget "LolMxr" */ = {
			isa = XCConfigurationList;
			buildConfigurations = (
				C89644BD2DA905F100BE1BE7 /* Debug */,
				C89644BE2DA905F100BE1BE7 /* Release */,
			);
			defaultConfigurationIsVisible = 0;
			defaultConfigurationName = Release;
		};
		C89644BF2DA905F100BE1BE7 /* Build configuration list for PBXNativeTarget "LolMxrTests" */ = {
			isa = XCConfigurationList;
			buildConfigurations = (
				C89644C02DA905F100BE1BE7 /* Debug */,
				C89644C12DA905F100BE1BE7 /* Release */,
			);
			defaultConfigurationIsVisible = 0;
			defaultConfigurationName = Release;
		};
		C89644C22DA905F100BE1BE7 /* Build configuration list for PBXNativeTarget "LolMxrUITests" */ = {
			isa = XCConfigurationList;
			buildConfigurations = (
				C89644C32DA905F100BE1BE7 /* Debug */,
				C89644C42DA905F100BE1BE7 /* Release */,
			);
			defaultConfigurationIsVisible = 0;
			defaultConfigurationName = Release;
		};
/* End XCConfigurationList section */
	};
	rootObject = C89644922DA905EE00BE1BE7 /* Project object */;
}
